
Microsoft Visual Studio Solution File, Format Version 12.00
# Visual Studio 2013
VisualStudioVersion = 12.0.31101.0
MinimumVisualStudioVersion = 10.0.40219.1
Project("{FAE04EC0-301F-11D3-BF4B-00C04F79EFBC}") = "NetworkHomeAppliances.Data", "CourseWorkClassLibrary\NetworkHomeAppliances.Data.csproj", "{B4944139-85D2-4128-ABA6-A5DE0B964182}"
EndProject
Project("{FAE04EC0-301F-11D3-BF4B-00C04F79EFBC}") = "NetworkHomeAppliances", "WPF_CourseWork\NetworkHomeAppliances.csproj", "{16152A6F-6AFF-4FB4-B7A5-B6891C784F5C}"
EndProject
Global
	GlobalSection(SolutionConfigurationPlatforms) = preSolution
		Debug|Any CPU = Debug|Any CPU
		Debug|Mixed Platforms = Debug|Mixed Platforms
		Debug|x86 = Debug|x86
		Release|Any CPU = Release|Any CPU
		Release|Mixed Platforms = Release|Mixed Platforms
		Release|x86 = Release|x86
	EndGlobalSection
	GlobalSection(ProjectConfigurationPlatforms) = postSolution
		{B4944139-85D2-4128-ABA6-A5DE0B964182}.Debug|Any CPU.ActiveCfg = Debug|Any CPU
		{B4944139-85D2-4128-ABA6-A5DE0B964182}.Debug|Any CPU.Build.0 = Debug|Any CPU
		{B4944139-85D2-4128-ABA6-A5DE0B964182}.Debug|Mixed Platforms.ActiveCfg = Debug|Any CPU
		{B4944139-85D2-4128-ABA6-A5DE0B964182}.Debug|Mixed Platforms.Build.0 = Debug|Any CPU
		{B4944139-85D2-4128-ABA6-A5DE0B964182}.Debug|x86.ActiveCfg = Debug|Any CPU
		{B4944139-85D2-4128-ABA6-A5DE0B964182}.Release|Any CPU.ActiveCfg = Release|Any CPU
		{B4944139-85D2-4128-ABA6-A5DE0B964182}.Release|Any CPU.Build.0 = Release|Any CPU
		{B4944139-85D2-4128-ABA6-A5DE0B964182}.Release|Mixed Platforms.ActiveCfg = Release|Any CPU
		{B4944139-85D2-4128-ABA6-A5DE0B964182}.Release|Mixed Platforms.Build.0 = Release|Any CPU
		{B4944139-85D2-4128-ABA6-A5DE0B964182}.Release|x86.ActiveCfg = Release|Any CPU
		{16152A6F-6AFF-4FB4-B7A5-B6891C784F5C}.Debug|Any CPU.ActiveCfg = Debug|Any CPU
		{16152A6F-6AFF-4FB4-B7A5-B6891C784F5C}.Debug|Any CPU.Build.0 = Debug|Any CPU
		{16152A6F-6AFF-4FB4-B7A5-B6891C784F5C}.Debug|Mixed Platforms.ActiveCfg = Debug|Any CPU
		{16152A6F-6AFF-4FB4-B7A5-B6891C784F5C}.Debug|Mixed Platforms.Build.0 = Debug|Any CPU
		{16152A6F-6AFF-4FB4-B7A5-B6891C784F5C}.Debug|x86.ActiveCfg = Debug|Any CPU
		{16152A6F-6AFF-4FB4-B7A5-B6891C784F5C}.Release|Any CPU.ActiveCfg = Release|Any CPU
		{16152A6F-6AFF-4FB4-B7A5-B6891C784F5C}.Release|Any CPU.Build.0 = Release|Any CPU
		{16152A6F-6AFF-4FB4-B7A5-B6891C784F5C}.Release|Mixed Platforms.ActiveCfg = Release|Any CPU
		{16152A6F-6AFF-4FB4-B7A5-B6891C784F5C}.Release|Mixed Platforms.Build.0 = Release|Any CPU
		{16152A6F-6AFF-4FB4-B7A5-B6891C784F5C}.Release|x86.ActiveCfg = Release|Any CPU
	EndGlobalSection
	GlobalSection(SolutionProperties) = preSolution
		HideSolutionNode = FALSE
	EndGlobalSection
EndGlobal
